// !$*UTF8*$!
{
	archiveVersion = 1;
	classes = {
	};
	objectVersion = 52;
	objects = {

/* Begin PBXBuildFile section */
		184CAC22260DE11E00625C21 /* AppDelegate.swift in Sources */ = {isa = PBXBuildFile; fileRef = 184CAC21260DE11E00625C21 /* AppDelegate.swift */; };
		184CAC24260DE11E00625C21 /* SceneDelegate.swift in Sources */ = {isa = PBXBuildFile; fileRef = 184CAC23260DE11E00625C21 /* SceneDelegate.swift */; };
		184CAC26260DE11E00625C21 /* ViewController.swift in Sources */ = {isa = PBXBuildFile; fileRef = 184CAC25260DE11E00625C21 /* ViewController.swift */; };
		184CAC29260DE11E00625C21 /* Main.storyboard in Resources */ = {isa = PBXBuildFile; fileRef = 184CAC27260DE11E00625C21 /* Main.storyboard */; };
		184CAC2C260DE11E00625C21 /* Swift_sample_test.xcdatamodeld in Sources */ = {isa = PBXBuildFile; fileRef = 184CAC2A260DE11E00625C21 /* Swift_sample_test.xcdatamodeld */; };
		184CAC2E260DE12200625C21 /* Assets.xcassets in Resources */ = {isa = PBXBuildFile; fileRef = 184CAC2D260DE12200625C21 /* Assets.xcassets */; };
		184CAC31260DE12200625C21 /* LaunchScreen.storyboard in Resources */ = {isa = PBXBuildFile; fileRef = 184CAC2F260DE12200625C21 /* LaunchScreen.storyboard */; };
		184CAC3C260DE12300625C21 /* Swift_sample_testTests.swift in Sources */ = {isa = PBXBuildFile; fileRef = 184CAC3B260DE12300625C21 /* Swift_sample_testTests.swift */; };
		184CAC47260DE12300625C21 /* Swift_sample_testUITests.swift in Sources */ = {isa = PBXBuildFile; fileRef = 184CAC46260DE12300625C21 /* Swift_sample_testUITests.swift */; };
		184CAC91260E093C00625C21 /* ALChatManager.swift in Sources */ = {isa = PBXBuildFile; fileRef = 184CAC8D260E08AC00625C21 /* ALChatManager.swift */; };
		184CACDE260E498D00625C21 /* SystemConfiguration.framework in Frameworks */ = {isa = PBXBuildFile; fileRef = 184CACDD260E498D00625C21 /* SystemConfiguration.framework */; };
		18D8454A261497F5009DF87F /* ApplozicSwift in Frameworks */ = {isa = PBXBuildFile; productRef = 18D84549261497F5009DF87F /* ApplozicSwift */; };
/* End PBXBuildFile section */

/* Begin PBXContainerItemProxy section */
		184CAC38260DE12300625C21 /* PBXContainerItemProxy */ = {
			isa = PBXContainerItemProxy;
			containerPortal = 184CAC16260DE11E00625C21 /* Project object */;
			proxyType = 1;
			remoteGlobalIDString = 184CAC1D260DE11E00625C21;
			remoteInfo = "Swift-sample-test";
		};
		184CAC43260DE12300625C21 /* PBXContainerItemProxy */ = {
			isa = PBXContainerItemProxy;
			containerPortal = 184CAC16260DE11E00625C21 /* Project object */;
			proxyType = 1;
			remoteGlobalIDString = 184CAC1D260DE11E00625C21;
			remoteInfo = "Swift-sample-test";
		};
/* End PBXContainerItemProxy section */

/* Begin PBXFileReference section */
		184CAC1E260DE11E00625C21 /* Swift-sample-test.app */ = {isa = PBXFileReference; explicitFileType = wrapper.application; includeInIndex = 0; path = "Swift-sample-test.app"; sourceTree = BUILT_PRODUCTS_DIR; };
		184CAC21260DE11E00625C21 /* AppDelegate.swift */ = {isa = PBXFileReference; lastKnownFileType = sourcecode.swift; path = AppDelegate.swift; sourceTree = "<group>"; };
		184CAC23260DE11E00625C21 /* SceneDelegate.swift */ = {isa = PBXFileReference; lastKnownFileType = sourcecode.swift; path = SceneDelegate.swift; sourceTree = "<group>"; };
		184CAC25260DE11E00625C21 /* ViewController.swift */ = {isa = PBXFileReference; lastKnownFileType = sourcecode.swift; path = ViewController.swift; sourceTree = "<group>"; };
		184CAC28260DE11E00625C21 /* Base */ = {isa = PBXFileReference; lastKnownFileType = file.storyboard; name = Base; path = Base.lproj/Main.storyboard; sourceTree = "<group>"; };
		184CAC2B260DE11E00625C21 /* Swift_sample_test.xcdatamodel */ = {isa = PBXFileReference; lastKnownFileType = wrapper.xcdatamodel; path = Swift_sample_test.xcdatamodel; sourceTree = "<group>"; };
		184CAC2D260DE12200625C21 /* Assets.xcassets */ = {isa = PBXFileReference; lastKnownFileType = folder.assetcatalog; path = Assets.xcassets; sourceTree = "<group>"; };
		184CAC30260DE12200625C21 /* Base */ = {isa = PBXFileReference; lastKnownFileType = file.storyboard; name = Base; path = Base.lproj/LaunchScreen.storyboard; sourceTree = "<group>"; };
		184CAC32260DE12200625C21 /* Info.plist */ = {isa = PBXFileReference; lastKnownFileType = text.plist.xml; path = Info.plist; sourceTree = "<group>"; };
		184CAC37260DE12300625C21 /* Swift-sample-testTests.xctest */ = {isa = PBXFileReference; explicitFileType = wrapper.cfbundle; includeInIndex = 0; path = "Swift-sample-testTests.xctest"; sourceTree = BUILT_PRODUCTS_DIR; };
		184CAC3B260DE12300625C21 /* Swift_sample_testTests.swift */ = {isa = PBXFileReference; lastKnownFileType = sourcecode.swift; path = Swift_sample_testTests.swift; sourceTree = "<group>"; };
		184CAC3D260DE12300625C21 /* Info.plist */ = {isa = PBXFileReference; lastKnownFileType = text.plist.xml; path = Info.plist; sourceTree = "<group>"; };
		184CAC42260DE12300625C21 /* Swift-sample-testUITests.xctest */ = {isa = PBXFileReference; explicitFileType = wrapper.cfbundle; includeInIndex = 0; path = "Swift-sample-testUITests.xctest"; sourceTree = BUILT_PRODUCTS_DIR; };
		184CAC46260DE12300625C21 /* Swift_sample_testUITests.swift */ = {isa = PBXFileReference; lastKnownFileType = sourcecode.swift; path = Swift_sample_testUITests.swift; sourceTree = "<group>"; };
		184CAC48260DE12300625C21 /* Info.plist */ = {isa = PBXFileReference; lastKnownFileType = text.plist.xml; path = Info.plist; sourceTree = "<group>"; };
		184CAC8D260E08AC00625C21 /* ALChatManager.swift */ = {isa = PBXFileReference; lastKnownFileType = sourcecode.swift; path = ALChatManager.swift; sourceTree = "<group>"; };
		184CACDD260E498D00625C21 /* SystemConfiguration.framework */ = {isa = PBXFileReference; lastKnownFileType = wrapper.framework; name = SystemConfiguration.framework; path = System/Library/Frameworks/SystemConfiguration.framework; sourceTree = SDKROOT; };
/* End PBXFileReference section */

/* Begin PBXFrameworksBuildPhase section */
		184CAC1B260DE11E00625C21 /* Frameworks */ = {
			isa = PBXFrameworksBuildPhase;
			buildActionMask = 2147483647;
			files = (
				18D8454A261497F5009DF87F /* ApplozicSwift in Frameworks */,
				184CACDE260E498D00625C21 /* SystemConfiguration.framework in Frameworks */,
			);
			runOnlyForDeploymentPostprocessing = 0;
		};
		184CAC34260DE12300625C21 /* Frameworks */ = {
			isa = PBXFrameworksBuildPhase;
			buildActionMask = 2147483647;
			files = (
			);
			runOnlyForDeploymentPostprocessing = 0;
		};
		184CAC3F260DE12300625C21 /* Frameworks */ = {
			isa = PBXFrameworksBuildPhase;
			buildActionMask = 2147483647;
			files = (
			);
			runOnlyForDeploymentPostprocessing = 0;
		};
/* End PBXFrameworksBuildPhase section */

/* Begin PBXGroup section */
		184CAC15260DE11E00625C21 = {
			isa = PBXGroup;
			children = (
				184CAC20260DE11E00625C21 /* Swift-sample-test */,
				184CAC3A260DE12300625C21 /* Swift-sample-testTests */,
				184CAC45260DE12300625C21 /* Swift-sample-testUITests */,
				184CAC1F260DE11E00625C21 /* Products */,
				184CAC5B260DE1A300625C21 /* Frameworks */,
				9A8F051BFB70297E08E459F4 /* Pods */,
			);
			sourceTree = "<group>";
		};
		184CAC1F260DE11E00625C21 /* Products */ = {
			isa = PBXGroup;
			children = (
				184CAC1E260DE11E00625C21 /* Swift-sample-test.app */,
				184CAC37260DE12300625C21 /* Swift-sample-testTests.xctest */,
				184CAC42260DE12300625C21 /* Swift-sample-testUITests.xctest */,
			);
			name = Products;
			sourceTree = "<group>";
		};
		184CAC20260DE11E00625C21 /* Swift-sample-test */ = {
			isa = PBXGroup;
			children = (
				184CAC8D260E08AC00625C21 /* ALChatManager.swift */,
				184CAC21260DE11E00625C21 /* AppDelegate.swift */,
				184CAC23260DE11E00625C21 /* SceneDelegate.swift */,
				184CAC25260DE11E00625C21 /* ViewController.swift */,
				184CAC27260DE11E00625C21 /* Main.storyboard */,
				184CAC2D260DE12200625C21 /* Assets.xcassets */,
				184CAC2F260DE12200625C21 /* LaunchScreen.storyboard */,
				184CAC32260DE12200625C21 /* Info.plist */,
				184CAC2A260DE11E00625C21 /* Swift_sample_test.xcdatamodeld */,
			);
			path = "Swift-sample-test";
			sourceTree = "<group>";
		};
		184CAC3A260DE12300625C21 /* Swift-sample-testTests */ = {
			isa = PBXGroup;
			children = (
				184CAC3B260DE12300625C21 /* Swift_sample_testTests.swift */,
				184CAC3D260DE12300625C21 /* Info.plist */,
			);
			path = "Swift-sample-testTests";
			sourceTree = "<group>";
		};
		184CAC45260DE12300625C21 /* Swift-sample-testUITests */ = {
			isa = PBXGroup;
			children = (
				184CAC46260DE12300625C21 /* Swift_sample_testUITests.swift */,
				184CAC48260DE12300625C21 /* Info.plist */,
			);
			path = "Swift-sample-testUITests";
			sourceTree = "<group>";
		};
		184CAC5B260DE1A300625C21 /* Frameworks */ = {
			isa = PBXGroup;
			children = (
				184CACDD260E498D00625C21 /* SystemConfiguration.framework */,
			);
			name = Frameworks;
			sourceTree = "<group>";
		};
		9A8F051BFB70297E08E459F4 /* Pods */ = {
			isa = PBXGroup;
			children = (
			);
			path = Pods;
			sourceTree = "<group>";
		};
/* End PBXGroup section */

/* Begin PBXNativeTarget section */
		184CAC1D260DE11E00625C21 /* Swift-sample-test */ = {
			isa = PBXNativeTarget;
			buildConfigurationList = 184CAC4B260DE12300625C21 /* Build configuration list for PBXNativeTarget "Swift-sample-test" */;
			buildPhases = (
				184CAC1A260DE11E00625C21 /* Sources */,
				184CAC1B260DE11E00625C21 /* Frameworks */,
				184CAC1C260DE11E00625C21 /* Resources */,
			);
			buildRules = (
			);
			dependencies = (
			);
			name = "Swift-sample-test";
			packageProductDependencies = (
				18D84549261497F5009DF87F /* ApplozicSwift */,
			);
			productName = "Swift-sample-test";
			productReference = 184CAC1E260DE11E00625C21 /* Swift-sample-test.app */;
			productType = "com.apple.product-type.application";
		};
		184CAC36260DE12300625C21 /* Swift-sample-testTests */ = {
			isa = PBXNativeTarget;
			buildConfigurationList = 184CAC4E260DE12300625C21 /* Build configuration list for PBXNativeTarget "Swift-sample-testTests" */;
			buildPhases = (
				184CAC33260DE12300625C21 /* Sources */,
				184CAC34260DE12300625C21 /* Frameworks */,
				184CAC35260DE12300625C21 /* Resources */,
			);
			buildRules = (
			);
			dependencies = (
				184CAC39260DE12300625C21 /* PBXTargetDependency */,
			);
			name = "Swift-sample-testTests";
			productName = "Swift-sample-testTests";
			productReference = 184CAC37260DE12300625C21 /* Swift-sample-testTests.xctest */;
			productType = "com.apple.product-type.bundle.unit-test";
		};
		184CAC41260DE12300625C21 /* Swift-sample-testUITests */ = {
			isa = PBXNativeTarget;
			buildConfigurationList = 184CAC51260DE12300625C21 /* Build configuration list for PBXNativeTarget "Swift-sample-testUITests" */;
			buildPhases = (
				184CAC3E260DE12300625C21 /* Sources */,
				184CAC3F260DE12300625C21 /* Frameworks */,
				184CAC40260DE12300625C21 /* Resources */,
			);
			buildRules = (
			);
			dependencies = (
				184CAC44260DE12300625C21 /* PBXTargetDependency */,
			);
			name = "Swift-sample-testUITests";
			productName = "Swift-sample-testUITests";
			productReference = 184CAC42260DE12300625C21 /* Swift-sample-testUITests.xctest */;
			productType = "com.apple.product-type.bundle.ui-testing";
		};
/* End PBXNativeTarget section */

/* Begin PBXProject section */
		184CAC16260DE11E00625C21 /* Project object */ = {
			isa = PBXProject;
			attributes = {
				LastSwiftUpdateCheck = 1240;
				LastUpgradeCheck = 1240;
				TargetAttributes = {
					184CAC1D260DE11E00625C21 = {
						CreatedOnToolsVersion = 12.4;
					};
					184CAC36260DE12300625C21 = {
						CreatedOnToolsVersion = 12.4;
						TestTargetID = 184CAC1D260DE11E00625C21;
					};
					184CAC41260DE12300625C21 = {
						CreatedOnToolsVersion = 12.4;
						TestTargetID = 184CAC1D260DE11E00625C21;
					};
				};
			};
			buildConfigurationList = 184CAC19260DE11E00625C21 /* Build configuration list for PBXProject "Swift-sample-test" */;
			compatibilityVersion = "Xcode 9.3";
			developmentRegion = en;
			hasScannedForEncodings = 0;
			knownRegions = (
				en,
				Base,
			);
			mainGroup = 184CAC15260DE11E00625C21;
			packageReferences = (
				18D84548261497F5009DF87F /* XCRemoteSwiftPackageReference "ApplozicSwift" */,
			);
			productRefGroup = 184CAC1F260DE11E00625C21 /* Products */;
			projectDirPath = "";
			projectRoot = "";
			targets = (
				184CAC1D260DE11E00625C21 /* Swift-sample-test */,
				184CAC36260DE12300625C21 /* Swift-sample-testTests */,
				184CAC41260DE12300625C21 /* Swift-sample-testUITests */,
			);
		};
/* End PBXProject section */

/* Begin PBXResourcesBuildPhase section */
		184CAC1C260DE11E00625C21 /* Resources */ = {
			isa = PBXResourcesBuildPhase;
			buildActionMask = 2147483647;
			files = (
				184CAC31260DE12200625C21 /* LaunchScreen.storyboard in Resources */,
				184CAC2E260DE12200625C21 /* Assets.xcassets in Resources */,
				184CAC29260DE11E00625C21 /* Main.storyboard in Resources */,
			);
			runOnlyForDeploymentPostprocessing = 0;
		};
		184CAC35260DE12300625C21 /* Resources */ = {
			isa = PBXResourcesBuildPhase;
			buildActionMask = 2147483647;
			files = (
			);
			runOnlyForDeploymentPostprocessing = 0;
		};
		184CAC40260DE12300625C21 /* Resources */ = {
			isa = PBXResourcesBuildPhase;
			buildActionMask = 2147483647;
			files = (
			);
			runOnlyForDeploymentPostprocessing = 0;
		};
/* End PBXResourcesBuildPhase section */

/* Begin PBXSourcesBuildPhase section */
		184CAC1A260DE11E00625C21 /* Sources */ = {
			isa = PBXSourcesBuildPhase;
			buildActionMask = 2147483647;
			files = (
				184CAC26260DE11E00625C21 /* ViewController.swift in Sources */,
				184CAC22260DE11E00625C21 /* AppDelegate.swift in Sources */,
				184CAC24260DE11E00625C21 /* SceneDelegate.swift in Sources */,
				184CAC91260E093C00625C21 /* ALChatManager.swift in Sources */,
				184CAC2C260DE11E00625C21 /* Swift_sample_test.xcdatamodeld in Sources */,
			);
			runOnlyForDeploymentPostprocessing = 0;
		};
		184CAC33260DE12300625C21 /* Sources */ = {
			isa = PBXSourcesBuildPhase;
			buildActionMask = 2147483647;
			files = (
				184CAC3C260DE12300625C21 /* Swift_sample_testTests.swift in Sources */,
			);
			runOnlyForDeploymentPostprocessing = 0;
		};
		184CAC3E260DE12300625C21 /* Sources */ = {
			isa = PBXSourcesBuildPhase;
			buildActionMask = 2147483647;
			files = (
				184CAC47260DE12300625C21 /* Swift_sample_testUITests.swift in Sources */,
			);
			runOnlyForDeploymentPostprocessing = 0;
		};
/* End PBXSourcesBuildPhase section */

/* Begin PBXTargetDependency section */
		184CAC39260DE12300625C21 /* PBXTargetDependency */ = {
			isa = PBXTargetDependency;
			target = 184CAC1D260DE11E00625C21 /* Swift-sample-test */;
			targetProxy = 184CAC38260DE12300625C21 /* PBXContainerItemProxy */;
		};
		184CAC44260DE12300625C21 /* PBXTargetDependency */ = {
			isa = PBXTargetDependency;
			target = 184CAC1D260DE11E00625C21 /* Swift-sample-test */;
			targetProxy = 184CAC43260DE12300625C21 /* PBXContainerItemProxy */;
		};
/* End PBXTargetDependency section */

/* Begin PBXVariantGroup section */
		184CAC27260DE11E00625C21 /* Main.storyboard */ = {
			isa = PBXVariantGroup;
			children = (
				184CAC28260DE11E00625C21 /* Base */,
			);
			name = Main.storyboard;
			sourceTree = "<group>";
		};
		184CAC2F260DE12200625C21 /* LaunchScreen.storyboard */ = {
			isa = PBXVariantGroup;
			children = (
				184CAC30260DE12200625C21 /* Base */,
			);
			name = LaunchScreen.storyboard;
			sourceTree = "<group>";
		};
/* End PBXVariantGroup section */

/* Begin XCBuildConfiguration section */
		184CAC49260DE12300625C21 /* Debug */ = {
			isa = XCBuildConfiguration;
			buildSettings = {
				ALWAYS_SEARCH_USER_PATHS = NO;
				CLANG_ANALYZER_NONNULL = YES;
				CLANG_ANALYZER_NUMBER_OBJECT_CONVERSION = YES_AGGRESSIVE;
				CLANG_CXX_LANGUAGE_STANDARD = "gnu++14";
				CLANG_CXX_LIBRARY = "libc++";
				CLANG_ENABLE_MODULES = YES;
				CLANG_ENABLE_OBJC_ARC = YES;
				CLANG_ENABLE_OBJC_WEAK = YES;
				CLANG_WARN_BLOCK_CAPTURE_AUTORELEASING = YES;
				CLANG_WARN_BOOL_CONVERSION = YES;
				CLANG_WARN_COMMA = YES;
				CLANG_WARN_CONSTANT_CONVERSION = YES;
				CLANG_WARN_DEPRECATED_OBJC_IMPLEMENTATIONS = YES;
				CLANG_WARN_DIRECT_OBJC_ISA_USAGE = YES_ERROR;
				CLANG_WARN_DOCUMENTATION_COMMENTS = YES;
				CLANG_WARN_EMPTY_BODY = YES;
				CLANG_WARN_ENUM_CONVERSION = YES;
				CLANG_WARN_INFINITE_RECURSION = YES;
				CLANG_WARN_INT_CONVERSION = YES;
				CLANG_WARN_NON_LITERAL_NULL_CONVERSION = YES;
				CLANG_WARN_OBJC_IMPLICIT_RETAIN_SELF = YES;
				CLANG_WARN_OBJC_LITERAL_CONVERSION = YES;
				CLANG_WARN_OBJC_ROOT_CLASS = YES_ERROR;
				CLANG_WARN_QUOTED_INCLUDE_IN_FRAMEWORK_HEADER = YES;
				CLANG_WARN_RANGE_LOOP_ANALYSIS = YES;
				CLANG_WARN_STRICT_PROTOTYPES = YES;
				CLANG_WARN_SUSPICIOUS_MOVE = YES;
				CLANG_WARN_UNGUARDED_AVAILABILITY = YES_AGGRESSIVE;
				CLANG_WARN_UNREACHABLE_CODE = YES;
				CLANG_WARN__DUPLICATE_METHOD_MATCH = YES;
				COPY_PHASE_STRIP = NO;
				DEBUG_INFORMATION_FORMAT = dwarf;
				ENABLE_STRICT_OBJC_MSGSEND = YES;
				ENABLE_TESTABILITY = YES;
				GCC_C_LANGUAGE_STANDARD = gnu11;
				GCC_DYNAMIC_NO_PIC = NO;
				GCC_NO_COMMON_BLOCKS = YES;
				GCC_OPTIMIZATION_LEVEL = 0;
				GCC_PREPROCESSOR_DEFINITIONS = (
					"DEBUG=1",
					"$(inherited)",
				);
				GCC_WARN_64_TO_32_BIT_CONVERSION = YES;
				GCC_WARN_ABOUT_RETURN_TYPE = YES_ERROR;
				GCC_WARN_UNDECLARED_SELECTOR = YES;
				GCC_WARN_UNINITIALIZED_AUTOS = YES_AGGRESSIVE;
				GCC_WARN_UNUSED_FUNCTION = YES;
				GCC_WARN_UNUSED_VARIABLE = YES;
				IPHONEOS_DEPLOYMENT_TARGET = 14.4;
				MTL_ENABLE_DEBUG_INFO = INCLUDE_SOURCE;
				MTL_FAST_MATH = YES;
				ONLY_ACTIVE_ARCH = YES;
				SDKROOT = iphoneos;
				SWIFT_ACTIVE_COMPILATION_CONDITIONS = DEBUG;
				SWIFT_OPTIMIZATION_LEVEL = "-Onone";
			};
			name = Debug;
		};
		184CAC4A260DE12300625C21 /* Release */ = {
			isa = XCBuildConfiguration;
			buildSettings = {
				ALWAYS_SEARCH_USER_PATHS = NO;
				CLANG_ANALYZER_NONNULL = YES;
				CLANG_ANALYZER_NUMBER_OBJECT_CONVERSION = YES_AGGRESSIVE;
				CLANG_CXX_LANGUAGE_STANDARD = "gnu++14";
				CLANG_CXX_LIBRARY = "libc++";
				CLANG_ENABLE_MODULES = YES;
				CLANG_ENABLE_OBJC_ARC = YES;
				CLANG_ENABLE_OBJC_WEAK = YES;
				CLANG_WARN_BLOCK_CAPTURE_AUTORELEASING = YES;
				CLANG_WARN_BOOL_CONVERSION = YES;
				CLANG_WARN_COMMA = YES;
				CLANG_WARN_CONSTANT_CONVERSION = YES;
				CLANG_WARN_DEPRECATED_OBJC_IMPLEMENTATIONS = YES;
				CLANG_WARN_DIRECT_OBJC_ISA_USAGE = YES_ERROR;
				CLANG_WARN_DOCUMENTATION_COMMENTS = YES;
				CLANG_WARN_EMPTY_BODY = YES;
				CLANG_WARN_ENUM_CONVERSION = YES;
				CLANG_WARN_INFINITE_RECURSION = YES;
				CLANG_WARN_INT_CONVERSION = YES;
				CLANG_WARN_NON_LITERAL_NULL_CONVERSION = YES;
				CLANG_WARN_OBJC_IMPLICIT_RETAIN_SELF = YES;
				CLANG_WARN_OBJC_LITERAL_CONVERSION = YES;
				CLANG_WARN_OBJC_ROOT_CLASS = YES_ERROR;
				CLANG_WARN_QUOTED_INCLUDE_IN_FRAMEWORK_HEADER = YES;
				CLANG_WARN_RANGE_LOOP_ANALYSIS = YES;
				CLANG_WARN_STRICT_PROTOTYPES = YES;
				CLANG_WARN_SUSPICIOUS_MOVE = YES;
				CLANG_WARN_UNGUARDED_AVAILABILITY = YES_AGGRESSIVE;
				CLANG_WARN_UNREACHABLE_CODE = YES;
				CLANG_WARN__DUPLICATE_METHOD_MATCH = YES;
				COPY_PHASE_STRIP = NO;
				DEBUG_INFORMATION_FORMAT = "dwarf-with-dsym";
				ENABLE_NS_ASSERTIONS = NO;
				ENABLE_STRICT_OBJC_MSGSEND = YES;
				GCC_C_LANGUAGE_STANDARD = gnu11;
				GCC_NO_COMMON_BLOCKS = YES;
				GCC_WARN_64_TO_32_BIT_CONVERSION = YES;
				GCC_WARN_ABOUT_RETURN_TYPE = YES_ERROR;
				GCC_WARN_UNDECLARED_SELECTOR = YES;
				GCC_WARN_UNINITIALIZED_AUTOS = YES_AGGRESSIVE;
				GCC_WARN_UNUSED_FUNCTION = YES;
				GCC_WARN_UNUSED_VARIABLE = YES;
				IPHONEOS_DEPLOYMENT_TARGET = 14.4;
				MTL_ENABLE_DEBUG_INFO = NO;
				MTL_FAST_MATH = YES;
				SDKROOT = iphoneos;
				SWIFT_COMPILATION_MODE = wholemodule;
				SWIFT_OPTIMIZATION_LEVEL = "-O";
				VALIDATE_PRODUCT = YES;
			};
			name = Release;
		};
		184CAC4C260DE12300625C21 /* Debug */ = {
			isa = XCBuildConfiguration;
			buildSettings = {
				ALWAYS_EMBED_SWIFT_STANDARD_LIBRARIES = YES;
				ASSETCATALOG_COMPILER_APPICON_NAME = AppIcon;
				ASSETCATALOG_COMPILER_GLOBAL_ACCENT_COLOR_NAME = AccentColor;
				CODE_SIGN_STYLE = Automatic;
				INFOPLIST_FILE = "Swift-sample-test/Info.plist";
				LD_RUNPATH_SEARCH_PATHS = (
					"$(inherited)",
					"@executable_path/Frameworks",
				);
				OTHER_LDFLAGS = "";
				PRODUCT_BUNDLE_IDENTIFIER = "com.applozic.Swift-sample-test";
				PRODUCT_NAME = "$(TARGET_NAME)";
				SWIFT_VERSION = 5.0;
				TARGETED_DEVICE_FAMILY = "1,2";
			};
			name = Debug;
		};
		184CAC4D260DE12300625C21 /* Release */ = {
			isa = XCBuildConfiguration;
			buildSettings = {
				ALWAYS_EMBED_SWIFT_STANDARD_LIBRARIES = YES;
				ASSETCATALOG_COMPILER_APPICON_NAME = AppIcon;
				ASSETCATALOG_COMPILER_GLOBAL_ACCENT_COLOR_NAME = AccentColor;
				CODE_SIGN_STYLE = Automatic;
				INFOPLIST_FILE = "Swift-sample-test/Info.plist";
				LD_RUNPATH_SEARCH_PATHS = (
					"$(inherited)",
					"@executable_path/Frameworks",
				);
				OTHER_LDFLAGS = "";
				PRODUCT_BUNDLE_IDENTIFIER = "com.applozic.Swift-sample-test";
				PRODUCT_NAME = "$(TARGET_NAME)";
				SWIFT_VERSION = 5.0;
				TARGETED_DEVICE_FAMILY = "1,2";
			};
			name = Release;
		};
		184CAC4F260DE12300625C21 /* Debug */ = {
			isa = XCBuildConfiguration;
			buildSettings = {
				ALWAYS_EMBED_SWIFT_STANDARD_LIBRARIES = YES;
				BUNDLE_LOADER = "$(TEST_HOST)";
				CODE_SIGN_STYLE = Automatic;
				INFOPLIST_FILE = "Swift-sample-testTests/Info.plist";
				IPHONEOS_DEPLOYMENT_TARGET = 14.4;
				LD_RUNPATH_SEARCH_PATHS = (
					"$(inherited)",
					"@executable_path/Frameworks",
					"@loader_path/Frameworks",
				);
				PRODUCT_BUNDLE_IDENTIFIER = "com.applozic.Swift-sample-testTests";
				PRODUCT_NAME = "$(TARGET_NAME)";
				SWIFT_VERSION = 5.0;
				TARGETED_DEVICE_FAMILY = "1,2";
				TEST_HOST = "$(BUILT_PRODUCTS_DIR)/Swift-sample-test.app/Swift-sample-test";
			};
			name = Debug;
		};
		184CAC50260DE12300625C21 /* Release */ = {
			isa = XCBuildConfiguration;
			buildSettings = {
				ALWAYS_EMBED_SWIFT_STANDARD_LIBRARIES = YES;
				BUNDLE_LOADER = "$(TEST_HOST)";
				CODE_SIGN_STYLE = Automatic;
				INFOPLIST_FILE = "Swift-sample-testTests/Info.plist";
				IPHONEOS_DEPLOYMENT_TARGET = 14.4;
				LD_RUNPATH_SEARCH_PATHS = (
					"$(inherited)",
					"@executable_path/Frameworks",
					"@loader_path/Frameworks",
				);
				PRODUCT_BUNDLE_IDENTIFIER = "com.applozic.Swift-sample-testTests";
				PRODUCT_NAME = "$(TARGET_NAME)";
				SWIFT_VERSION = 5.0;
				TARGETED_DEVICE_FAMILY = "1,2";
				TEST_HOST = "$(BUILT_PRODUCTS_DIR)/Swift-sample-test.app/Swift-sample-test";
			};
			name = Release;
		};
		184CAC52260DE12300625C21 /* Debug */ = {
			isa = XCBuildConfiguration;
			buildSettings = {
				ALWAYS_EMBED_SWIFT_STANDARD_LIBRARIES = YES;
				CODE_SIGN_STYLE = Automatic;
				INFOPLIST_FILE = "Swift-sample-testUITests/Info.plist";
				LD_RUNPATH_SEARCH_PATHS = (
					"$(inherited)",
					"@executable_path/Frameworks",
					"@loader_path/Frameworks",
				);
				PRODUCT_BUNDLE_IDENTIFIER = "com.applozic.Swift-sample-testUITests";
				PRODUCT_NAME = "$(TARGET_NAME)";
				SWIFT_VERSION = 5.0;
				TARGETED_DEVICE_FAMILY = "1,2";
				TEST_TARGET_NAME = "Swift-sample-test";
			};
			name = Debug;
		};
		184CAC53260DE12300625C21 /* Release */ = {
			isa = XCBuildConfiguration;
			buildSettings = {
				ALWAYS_EMBED_SWIFT_STANDARD_LIBRARIES = YES;
				CODE_SIGN_STYLE = Automatic;
				INFOPLIST_FILE = "Swift-sample-testUITests/Info.plist";
				LD_RUNPATH_SEARCH_PATHS = (
					"$(inherited)",
					"@executable_path/Frameworks",
					"@loader_path/Frameworks",
				);
				PRODUCT_BUNDLE_IDENTIFIER = "com.applozic.Swift-sample-testUITests";
				PRODUCT_NAME = "$(TARGET_NAME)";
				SWIFT_VERSION = 5.0;
				TARGETED_DEVICE_FAMILY = "1,2";
				TEST_TARGET_NAME = "Swift-sample-test";
			};
			name = Release;
		};
/* End XCBuildConfiguration section */

/* Begin XCConfigurationList section */
		184CAC19260DE11E00625C21 /* Build configuration list for PBXProject "Swift-sample-test" */ = {
			isa = XCConfigurationList;
			buildConfigurations = (
				184CAC49260DE12300625C21 /* Debug */,
				184CAC4A260DE12300625C21 /* Release */,
			);
			defaultConfigurationIsVisible = 0;
			defaultConfigurationName = Release;
		};
		184CAC4B260DE12300625C21 /* Build configuration list for PBXNativeTarget "Swift-sample-test" */ = {
			isa = XCConfigurationList;
			buildConfigurations = (
				184CAC4C260DE12300625C21 /* Debug */,
				184CAC4D260DE12300625C21 /* Release */,
			);
			defaultConfigurationIsVisible = 0;
			defaultConfigurationName = Release;
		};
		184CAC4E260DE12300625C21 /* Build configuration list for PBXNativeTarget "Swift-sample-testTests" */ = {
			isa = XCConfigurationList;
			buildConfigurations = (
				184CAC4F260DE12300625C21 /* Debug */,
				184CAC50260DE12300625C21 /* Release */,
			);
			defaultConfigurationIsVisible = 0;
			defaultConfigurationName = Release;
		};
		184CAC51260DE12300625C21 /* Build configuration list for PBXNativeTarget "Swift-sample-testUITests" */ = {
			isa = XCConfigurationList;
			buildConfigurations = (
				184CAC52260DE12300625C21 /* Debug */,
				184CAC53260DE12300625C21 /* Release */,
			);
			defaultConfigurationIsVisible = 0;
			defaultConfigurationName = Release;
		};
/* End XCConfigurationList section */

/* Begin XCRemoteSwiftPackageReference section */
		18D84548261497F5009DF87F /* XCRemoteSwiftPackageReference "ApplozicSwift" */ = {
			isa = XCRemoteSwiftPackageReference;
			repositoryURL = "https://github.com/AppLozic/ApplozicSwift.git";
			requirement = {
				branch = "SPM-Support-changes";
				kind = branch;
			};
		};
/* End XCRemoteSwiftPackageReference section */

/* Begin XCSwiftPackageProductDependency section */
		18D84549261497F5009DF87F /* ApplozicSwift */ = {
			isa = XCSwiftPackageProductDependency;
			package = 18D84548261497F5009DF87F /* XCRemoteSwiftPackageReference "ApplozicSwift" */;
			productName = ApplozicSwift;
		};
/* End XCSwiftPackageProductDependency section */

/* Begin XCVersionGroup section */
		184CAC2A260DE11E00625C21 /* Swift_sample_test.xcdatamodeld */ = {
			isa = XCVersionGroup;
			children = (
				184CAC2B260DE11E00625C21 /* Swift_sample_test.xcdatamodel */,
			);
			currentVersion = 184CAC2B260DE11E00625C21 /* Swift_sample_test.xcdatamodel */;
			path = Swift_sample_test.xcdatamodeld;
			sourceTree = "<group>";
			versionGroupType = wrapper.xcdatamodel;
		};
/* End XCVersionGroup section */
	};
	rootObject = 184CAC16260DE11E00625C21 /* Project object */;
}
